
Microsoft Visual Studio Solution File, Format Version 12.00
# Visual Studio 15
VisualStudioVersion = 15.0.28010.2036
MinimumVisualStudioVersion = 10.0.40219.1
Project("{FAE04EC0-301F-11D3-BF4B-00C04F79EFBC}") = "SharePlay", "SharePlay\SharePlay.csproj", "{87828914-D11D-4B87-BD08-1B36CA68E9DF}"
EndProject
Project("{FAE04EC0-301F-11D3-BF4B-00C04F79EFBC}") = "StreamServer", "StreamServer\StreamServer.csproj", "{52B7D224-FAF7-4B3E-BAEE-CBCEFBB449F6}"
EndProject
Global
	GlobalSection(SolutionConfigurationPlatforms) = preSolution
		Debug|Any CPU = Debug|Any CPU
		Release|Any CPU = Release|Any CPU
	EndGlobalSection
	GlobalSection(ProjectConfigurationPlatforms) = postSolution
		{87828914-D11D-4B87-BD08-1B36CA68E9DF}.Debug|Any CPU.ActiveCfg = Debug|Any CPU
		{87828914-D11D-4B87-BD08-1B36CA68E9DF}.Debug|Any CPU.Build.0 = Debug|Any CPU
		{87828914-D11D-4B87-BD08-1B36CA68E9DF}.Release|Any CPU.ActiveCfg = Release|Any CPU
		{87828914-D11D-4B87-BD08-1B36CA68E9DF}.Release|Any CPU.Build.0 = Release|Any CPU
		{52B7D224-FAF7-4B3E-BAEE-CBCEFBB449F6}.Debug|Any CPU.ActiveCfg = Debug|Any CPU
		{52B7D224-FAF7-4B3E-BAEE-CBCEFBB449F6}.Debug|Any CPU.Build.0 = Debug|Any CPU
		{52B7D224-FAF7-4B3E-BAEE-CBCEFBB449F6}.Release|Any CPU.ActiveCfg = Release|Any CPU
		{52B7D224-FAF7-4B3E-BAEE-CBCEFBB449F6}.Release|Any CPU.Build.0 = Release|Any CPU
	EndGlobalSection
	GlobalSection(SolutionProperties) = preSolution
		HideSolutionNode = FALSE
	EndGlobalSection
	GlobalSection(ExtensibilityGlobals) = postSolution
		SolutionGuid = {C298154F-E32D-4D83-90CE-E7A0AFEF5C50}
	EndGlobalSection
EndGlobal
